
Microsoft Visual Studio Solution File, Format Version 12.00
# Visual Studio Version 17
VisualStudioVersion = 17.14.36603.0 d17.14
MinimumVisualStudioVersion = 10.0.40219.1
Project("{FAE04EC0-301F-11D3-BF4B-00C04F79EFBC}") = "Clinica_TpCuatrimestral_Equipo_11A", "Clinica_TpCuatrimestral_Equipo_11A\Clinica_TpCuatrimestral_Equipo_11A.csproj", "{42ED1C6C-2191-49A7-88BF-38967946411D}"
EndProject
Project("{FAE04EC0-301F-11D3-BF4B-00C04F79EFBC}") = "dominio", "dominio\dominio.csproj", "{5243BF4C-B0DB-4897-A097-AD12BBB8A2E3}"
EndProject
Project("{FAE04EC0-301F-11D3-BF4B-00C04F79EFBC}") = "negocio", "negocio\negocio.csproj", "{C116D9BA-264A-434E-85FF-B1211E3C7A8D}"
EndProject
Global
	GlobalSection(SolutionConfigurationPlatforms) = preSolution
		Debug|Any CPU = Debug|Any CPU
		Release|Any CPU = Release|Any CPU
	EndGlobalSection
	GlobalSection(ProjectConfigurationPlatforms) = postSolution
		{42ED1C6C-2191-49A7-88BF-38967946411D}.Debug|Any CPU.ActiveCfg = Debug|Any CPU
		{42ED1C6C-2191-49A7-88BF-38967946411D}.Debug|Any CPU.Build.0 = Debug|Any CPU
		{42ED1C6C-2191-49A7-88BF-38967946411D}.Release|Any CPU.ActiveCfg = Release|Any CPU
		{42ED1C6C-2191-49A7-88BF-38967946411D}.Release|Any CPU.Build.0 = Release|Any CPU
		{5243BF4C-B0DB-4897-A097-AD12BBB8A2E3}.Debug|Any CPU.ActiveCfg = Debug|Any CPU
		{5243BF4C-B0DB-4897-A097-AD12BBB8A2E3}.Debug|Any CPU.Build.0 = Debug|Any CPU
		{5243BF4C-B0DB-4897-A097-AD12BBB8A2E3}.Release|Any CPU.ActiveCfg = Release|Any CPU
		{5243BF4C-B0DB-4897-A097-AD12BBB8A2E3}.Release|Any CPU.Build.0 = Release|Any CPU
		{C116D9BA-264A-434E-85FF-B1211E3C7A8D}.Debug|Any CPU.ActiveCfg = Debug|Any CPU
		{C116D9BA-264A-434E-85FF-B1211E3C7A8D}.Debug|Any CPU.Build.0 = Debug|Any CPU
		{C116D9BA-264A-434E-85FF-B1211E3C7A8D}.Release|Any CPU.ActiveCfg = Release|Any CPU
		{C116D9BA-264A-434E-85FF-B1211E3C7A8D}.Release|Any CPU.Build.0 = Release|Any CPU
	EndGlobalSection
	GlobalSection(SolutionProperties) = preSolution
		HideSolutionNode = FALSE
	EndGlobalSection
	GlobalSection(ExtensibilityGlobals) = postSolution
		SolutionGuid = {7BC66552-FF53-4298-9E11-BE901F115216}
	EndGlobalSection
EndGlobal
